// !$*UTF8*$!
{
	archiveVersion = 1;
	classes = {
	};
	objectVersion = 46;
	objects = {

/* Begin PBXBuildFile section */
		85713F151DE7D54D00616921 /* AppDelegate.m in Sources */ = {isa = PBXBuildFile; fileRef = 85713F141DE7D54D00616921 /* AppDelegate.m */; };
		85713F181DE7D54D00616921 /* main.m in Sources */ = {isa = PBXBuildFile; fileRef = 85713F171DE7D54D00616921 /* main.m */; };
		85713F1A1DE7D54D00616921 /* Assets.xcassets in Resources */ = {isa = PBXBuildFile; fileRef = 85713F191DE7D54D00616921 /* Assets.xcassets */; };
		85713F1D1DE7D54D00616921 /* MainMenu.xib in Resources */ = {isa = PBXBuildFile; fileRef = 85713F1B1DE7D54D00616921 /* MainMenu.xib */; };
		85C768541DE81D1D000D0E62 /* AppIcon.icns in Resources */ = {isa = PBXBuildFile; fileRef = 85C768531DE81D1D000D0E62 /* AppIcon.icns */; };
/* End PBXBuildFile section */

/* Begin PBXFileReference section */
		85713F101DE7D54D00616921 /* MouseFrog.app */ = {isa = PBXFileReference; explicitFileType = wrapper.application; includeInIndex = 0; path = MouseFrog.app; sourceTree = BUILT_PRODUCTS_DIR; };
		85713F131DE7D54D00616921 /* AppDelegate.h */ = {isa = PBXFileReference; lastKnownFileType = sourcecode.c.h; path = AppDelegate.h; sourceTree = "<group>"; };
		85713F141DE7D54D00616921 /* AppDelegate.m */ = {isa = PBXFileReference; lastKnownFileType = sourcecode.c.objc; path = AppDelegate.m; sourceTree = "<group>"; };
		85713F171DE7D54D00616921 /* main.m */ = {isa = PBXFileReference; lastKnownFileType = sourcecode.c.objc; path = main.m; sourceTree = "<group>"; };
		85713F191DE7D54D00616921 /* Assets.xcassets */ = {isa = PBXFileReference; lastKnownFileType = folder.assetcatalog; path = Assets.xcassets; sourceTree = "<group>"; };
		85713F1C1DE7D54D00616921 /* Base */ = {isa = PBXFileReference; lastKnownFileType = file.xib; name = Base; path = Base.lproj/MainMenu.xib; sourceTree = "<group>"; };
		85713F1E1DE7D54D00616921 /* Info.plist */ = {isa = PBXFileReference; lastKnownFileType = text.plist.xml; path = Info.plist; sourceTree = "<group>"; };
		85C768531DE81D1D000D0E62 /* AppIcon.icns */ = {isa = PBXFileReference; lastKnownFileType = image.icns; path = AppIcon.icns; sourceTree = "<group>"; };
/* End PBXFileReference section */

/* Begin PBXFrameworksBuildPhase section */
		85713F0D1DE7D54D00616921 /* Frameworks */ = {
			isa = PBXFrameworksBuildPhase;
			buildActionMask = 2147483647;
			files = (
			);
			runOnlyForDeploymentPostprocessing = 0;
		};
/* End PBXFrameworksBuildPhase section */

/* Begin PBXGroup section */
		85713F071DE7D54D00616921 = {
			isa = PBXGroup;
			children = (
				85713F121DE7D54D00616921 /* MouseFrog */,
				85713F111DE7D54D00616921 /* Products */,
			);
			sourceTree = "<group>";
		};
		85713F111DE7D54D00616921 /* Products */ = {
			isa = PBXGroup;
			children = (
				85713F101DE7D54D00616921 /* MouseFrog.app */,
			);
			name = Products;
			sourceTree = "<group>";
		};
		85713F121DE7D54D00616921 /* MouseFrog */ = {
			isa = PBXGroup;
			children = (
				85713F131DE7D54D00616921 /* AppDelegate.h */,
				85713F141DE7D54D00616921 /* AppDelegate.m */,
				85713F161DE7D54D00616921 /* Supporting Files */,
			);
			path = MouseFrog;
			sourceTree = "<group>";
		};
		85713F161DE7D54D00616921 /* Supporting Files */ = {
			isa = PBXGroup;
			children = (
				85713F1E1DE7D54D00616921 /* Info.plist */,
				85C768531DE81D1D000D0E62 /* AppIcon.icns */,
				85713F191DE7D54D00616921 /* Assets.xcassets */,
				85713F1B1DE7D54D00616921 /* MainMenu.xib */,
				85713F171DE7D54D00616921 /* main.m */,
			);
			name = "Supporting Files";
			sourceTree = "<group>";
		};
/* End PBXGroup section */

/* Begin PBXNativeTarget section */
		85713F0F1DE7D54D00616921 /* MouseFrog */ = {
			isa = PBXNativeTarget;
			buildConfigurationList = 85713F211DE7D54D00616921 /* Build configuration list for PBXNativeTarget "MouseFrog" */;
			buildPhases = (
				85713F0C1DE7D54D00616921 /* Sources */,
				85713F0D1DE7D54D00616921 /* Frameworks */,
				85713F0E1DE7D54D00616921 /* Resources */,
			);
			buildRules = (
			);
			dependencies = (
			);
			name = MouseFrog;
			productName = MouseFrog;
			productReference = 85713F101DE7D54D00616921 /* MouseFrog.app */;
			productType = "com.apple.product-type.application";
		};
/* End PBXNativeTarget section */

/* Begin PBXProject section */
		85713F081DE7D54D00616921 /* Project object */ = {
			isa = PBXProject;
			attributes = {
				LastUpgradeCheck = 0730;
				ORGANIZATIONNAME = GoKuStudio;
				TargetAttributes = {
					85713F0F1DE7D54D00616921 = {
						CreatedOnToolsVersion = 7.3.1;
					};
				};
			};
			buildConfigurationList = 85713F0B1DE7D54D00616921 /* Build configuration list for PBXProject "MouseFrog" */;
			compatibilityVersion = "Xcode 3.2";
			developmentRegion = English;
			hasScannedForEncodings = 0;
			knownRegions = (
				en,
				Base,
			);
			mainGroup = 85713F071DE7D54D00616921;
			productRefGroup = 85713F111DE7D54D00616921 /* Products */;
			projectDirPath = "";
			projectRoot = "";
			targets = (
				85713F0F1DE7D54D00616921 /* MouseFrog */,
			);
		};
/* End PBXProject section */

/* Begin PBXResourcesBuildPhase section */
		85713F0E1DE7D54D00616921 /* Resources */ = {
			isa = PBXResourcesBuildPhase;
			buildActionMask = 2147483647;
			files = (
				85713F1A1DE7D54D00616921 /* Assets.xcassets in Resources */,
				85713F1D1DE7D54D00616921 /* MainMenu.xib in Resources */,
				85C768541DE81D1D000D0E62 /* AppIcon.icns in Resources */,
			);
			runOnlyForDeploymentPostprocessing = 0;
		};
/* End PBXResourcesBuildPhase section */

/* Begin PBXSourcesBuildPhase section */
		85713F0C1DE7D54D00616921 /* Sources */ = {
			isa = PBXSourcesBuildPhase;
			buildActionMask = 2147483647;
			files = (
				85713F181DE7D54D00616921 /* main.m in Sources */,
				85713F151DE7D54D00616921 /* AppDelegate.m in Sources */,
			);
			runOnlyForDeploymentPostprocessing = 0;
		};
/* End PBXSourcesBuildPhase section */

/* Begin PBXVariantGroup section */
		85713F1B1DE7D54D00616921 /* MainMenu.xib */ = {
			isa = PBXVariantGroup;
			children = (
				85713F1C1DE7D54D00616921 /* Base */,
			);
			name = MainMenu.xib;
			sourceTree = "<group>";
		};
/* End PBXVariantGroup section */

/* Begin XCBuildConfiguration section */
		85713F1F1DE7D54D00616921 /* Debug */ = {
			isa = XCBuildConfiguration;
			buildSettings = {
				ALWAYS_SEARCH_USER_PATHS = NO;
				CLANG_ANALYZER_NONNULL = YES;
				CLANG_CXX_LANGUAGE_STANDARD = "gnu++0x";
				CLANG_CXX_LIBRARY = "libc++";
				CLANG_ENABLE_MODULES = YES;
				CLANG_ENABLE_OBJC_ARC = YES;
				CLANG_WARN_BOOL_CONVERSION = YES;
				CLANG_WARN_CONSTANT_CONVERSION = YES;
				CLANG_WARN_DIRECT_OBJC_ISA_USAGE = YES_ERROR;
				CLANG_WARN_EMPTY_BODY = YES;
				CLANG_WARN_ENUM_CONVERSION = YES;
				CLANG_WARN_INT_CONVERSION = YES;
				CLANG_WARN_OBJC_ROOT_CLASS = YES_ERROR;
				CLANG_WARN_UNREACHABLE_CODE = YES;
				CLANG_WARN__DUPLICATE_METHOD_MATCH = YES;
				CODE_SIGN_IDENTITY = "-";
				COPY_PHASE_STRIP = NO;
				DEBUG_INFORMATION_FORMAT = dwarf;
				ENABLE_STRICT_OBJC_MSGSEND = YES;
				ENABLE_TESTABILITY = YES;
				GCC_C_LANGUAGE_STANDARD = gnu99;
				GCC_DYNAMIC_NO_PIC = NO;
				GCC_NO_COMMON_BLOCKS = YES;
				GCC_OPTIMIZATION_LEVEL = 0;
				GCC_PREPROCESSOR_DEFINITIONS = (
					"DEBUG=1",
					"$(inherited)",
				);
				GCC_WARN_64_TO_32_BIT_CONVERSION = YES;
				GCC_WARN_ABOUT_RETURN_TYPE = YES_ERROR;
				GCC_WARN_UNDECLARED_SELECTOR = YES;
				GCC_WARN_UNINITIALIZED_AUTOS = YES_AGGRESSIVE;
				GCC_WARN_UNUSED_FUNCTION = YES;
				GCC_WARN_UNUSED_VARIABLE = YES;
				MACOSX_DEPLOYMENT_TARGET = 10.12;
				MTL_ENABLE_DEBUG_INFO = YES;
				ONLY_ACTIVE_ARCH = YES;
				SDKROOT = macosx;
			};
			name = Debug;
		};
		85713F201DE7D54D00616921 /* Release */ = {
			isa = XCBuildConfiguration;
			buildSettings = {
				ALWAYS_SEARCH_USER_PATHS = NO;
				CLANG_ANALYZER_NONNULL = YES;
				CLANG_CXX_LANGUAGE_STANDARD = "gnu++0x";
				CLANG_CXX_LIBRARY = "libc++";
				CLANG_ENABLE_MODULES = YES;
				CLANG_ENABLE_OBJC_ARC = YES;
				CLANG_WARN_BOOL_CONVERSION = YES;
				CLANG_WARN_CONSTANT_CONVERSION = YES;
				CLANG_WARN_DIRECT_OBJC_ISA_USAGE = YES_ERROR;
				CLANG_WARN_EMPTY_BODY = YES;
				CLANG_WARN_ENUM_CONVERSION = YES;
				CLANG_WARN_INT_CONVERSION = YES;
				CLANG_WARN_OBJC_ROOT_CLASS = YES_ERROR;
				CLANG_WARN_UNREACHABLE_CODE = YES;
				CLANG_WARN__DUPLICATE_METHOD_MATCH = YES;
				CODE_SIGN_IDENTITY = "-";
				COPY_PHASE_STRIP = NO;
				DEBUG_INFORMATION_FORMAT = "dwarf-with-dsym";
				ENABLE_NS_ASSERTIONS = NO;
				ENABLE_STRICT_OBJC_MSGSEND = YES;
				GCC_C_LANGUAGE_STANDARD = gnu99;
				GCC_NO_COMMON_BLOCKS = YES;
				GCC_WARN_64_TO_32_BIT_CONVERSION = YES;
				GCC_WARN_ABOUT_RETURN_TYPE = YES_ERROR;
				GCC_WARN_UNDECLARED_SELECTOR = YES;
				GCC_WARN_UNINITIALIZED_AUTOS = YES_AGGRESSIVE;
				GCC_WARN_UNUSED_FUNCTION = YES;
				GCC_WARN_UNUSED_VARIABLE = YES;
				MACOSX_DEPLOYMENT_TARGET = 10.12;
				MTL_ENABLE_DEBUG_INFO = NO;
				SDKROOT = macosx;
			};
			name = Release;
		};
		85713F221DE7D54D00616921 /* Debug */ = {
			isa = XCBuildConfiguration;
			buildSettings = {
				ASSETCATALOG_COMPILER_APPICON_NAME = AppIcon;
				COMBINE_HIDPI_IMAGES = YES;
				INFOPLIST_FILE = MouseFrog/Info.plist;
				LD_RUNPATH_SEARCH_PATHS = "$(inherited) @executable_path/../Frameworks";
				MACOSX_DEPLOYMENT_TARGET = 10.10;
				PRODUCT_BUNDLE_IDENTIFIER = com.gokustudio.MouseFrog;
				PRODUCT_NAME = "$(TARGET_NAME)";
			};
			name = Debug;
		};
		85713F231DE7D54D00616921 /* Release */ = {
			isa = XCBuildConfiguration;
			buildSettings = {
				ASSETCATALOG_COMPILER_APPICON_NAME = AppIcon;
				COMBINE_HIDPI_IMAGES = YES;
				INFOPLIST_FILE = MouseFrog/Info.plist;
				LD_RUNPATH_SEARCH_PATHS = "$(inherited) @executable_path/../Frameworks";
				MACOSX_DEPLOYMENT_TARGET = 10.10;
				PRODUCT_BUNDLE_IDENTIFIER = com.gokustudio.MouseFrog;
				PRODUCT_NAME = "$(TARGET_NAME)";
			};
			name = Release;
		};
/* End XCBuildConfiguration section */

/* Begin XCConfigurationList section */
		85713F0B1DE7D54D00616921 /* Build configuration list for PBXProject "MouseFrog" */ = {
			isa = XCConfigurationList;
			buildConfigurations = (
				85713F1F1DE7D54D00616921 /* Debug */,
				85713F201DE7D54D00616921 /* Release */,
			);
			defaultConfigurationIsVisible = 0;
			defaultConfigurationName = Release;
		};
		85713F211DE7D54D00616921 /* Build configuration list for PBXNativeTarget "MouseFrog" */ = {
			isa = XCConfigurationList;
			buildConfigurations = (
				85713F221DE7D54D00616921 /* Debug */,
				85713F231DE7D54D00616921 /* Release */,
			);
			defaultConfigurationIsVisible = 0;
			defaultConfigurationName = Release;
		};
/* End XCConfigurationList section */
	};
	rootObject = 85713F081DE7D54D00616921 /* Project object */;
}
